<?xml version="1.0" encoding="UTF-8"?>
<Scheme
   LastUpgradeVersion = "2640"
   version = "1.7">
   <BuildAction
      parallelizeBuildables = "YES"
      buildImplicitDependencies = "YES"
      buildArchitectures = "Automatic">
      <BuildActionEntries>
         <BuildActionEntry
            buildForTesting = "YES"
            buildForRunning = "YES"
            buildForProfiling = "YES"
            buildForArchiving = "YES"
            buildForAnalyzing = "YES">
            <BuildableReference
               BuildableIdentifier = "primary"
               BlueprintIdentifier = "642980E52F4CAB5900A62E15"
               BuildableName = "GunnAire Ops.app"
               BlueprintName = "GunnAire Ops"
               ReferencedContainer = "container:GunnAire Ops.xcodeproj">
            </BuildableReference>
         </BuildActionEntry>
         <BuildActionEntry
            buildForTesting = "YES"
            buildForRunning = "NO"
            buildForProfiling = "NO"
            buildForArchiving = "NO"
            buildForAnalyzing = "YES">
            <BuildableReference
               BuildableIdentifier = "primary"
               BlueprintIdentifier = "642980F42F4CAB5A00A62E15"
               BuildableName = "GunnAire OpsTests.xctest"
               BlueprintName = "GunnAire OpsTests"
               ReferencedContainer = "container:GunnAire Ops.xcodeproj">
            </BuildableReference>
         </BuildActionEntry>
         <BuildActionEntry
            buildForTesting = "YES"
            buildForRunning = "NO"
            buildForProfiling = "NO"
            buildForArchiving = "NO"
            buildForAnalyzing = "YES">
            <BuildableReference
               BuildableIdentifier = "primary"
               BlueprintIdentifier = "642980FE2F4CAB5A00A62E15"
               BuildableName = "GunnAire OpsUITests.xctest"
               BlueprintName = "GunnAire OpsUITests"
               ReferencedContainer = "container:GunnAire Ops.xcodeproj">
            </BuildableReference>
         </BuildActionEntry>
      </BuildActionEntries>
   </BuildAction>
   <TestAction
      buildConfiguration = "Debug"
      selectedDebuggerIdentifier = "Xcode.DebuggerFoundation.Debugger.LLDB"
      selectedLauncherIdentifier = "Xcode.DebuggerFoundation.Launcher.LLDB"
      shouldUseLaunchSchemeArgsEnv = "YES"
      shouldAutocreateTestPlan = "YES">
      <Testables>
         <TestableReference
            skipped = "NO"
            parallelizable = "YES">
            <BuildableReference
               BuildableIdentifier = "primary"
               BlueprintIdentifier = "642980F42F4CAB5A00A62E15"
               BuildableName = "GunnAire OpsTests.xctest"
               BlueprintName = "GunnAire OpsTests"
               ReferencedContainer = "container:GunnAire Ops.xcodeproj">
            </BuildableReference>
         </TestableReference>
         <TestableReference
            skipped = "NO"
            parallelizable = "YES">
            <BuildableReference
               BuildableIdentifier = "primary"
               BlueprintIdentifier = "642980FE2F4CAB5A00A62E15"
               BuildableName = "GunnAire OpsUITests.xctest"
               BlueprintName = "GunnAire OpsUITests"
               ReferencedContainer = "container:GunnAire Ops.xcodeproj">
            </BuildableReference>
         </TestableReference>
      </Testables>
   </TestAction>
   <LaunchAction
      buildConfiguration = "Debug"
      selectedDebuggerIdentifier = "Xcode.DebuggerFoundation.Debugger.LLDB"
      selectedLauncherIdentifier = "Xcode.DebuggerFoundation.Launcher.LLDB"
      launchStyle = "0"
      useCustomWorkingDirectory = "NO"
      ignoresPersistentStateOnLaunch = "NO"
      debugDocumentVersioning = "YES"
      debugServiceExtension = "internal"
      allowLocationSimulation = "YES">
      <BuildableProductRunnable
         runnableDebuggingMode = "0">
         <BuildableReference
            BuildableIdentifier = "primary"
            BlueprintIdentifier = "642980E52F4CAB5900A62E15"
            BuildableName = "GunnAire Ops.app"
            BlueprintName = "GunnAire Ops"
            ReferencedContainer = "container:GunnAire Ops.xcodeproj">
         </BuildableReference>
      </BuildableProductRunnable>
      <EnvironmentVariables>
         <EnvironmentVariable
            key = "GOOGLE_CALLBACK_SCHEME"
            value = "com.googleusercontent.apps.539751190237-oumf7hncfrbhegunnvovgr61mllgvt3e"
            isEnabled = "YES">
         </EnvironmentVariable>
         <EnvironmentVariable
            key = "GOOGLE_CLIENT_ID"
            value = "539751190237-oumf7hncfrbhegunnvovgr61mllgvt3e.apps.googleusercontent.com"
            isEnabled = "YES">
         </EnvironmentVariable>
         <EnvironmentVariable
            key = "GOOGLE_REVERSED_CLIENT_ID"
            value = "com.googleusercontent.apps.539751190237-oumf7hncfrbhegunnvovgr61mllgvt3e"
            isEnabled = "YES">
         </EnvironmentVariable>
         <EnvironmentVariable
            key = "GOOGLE_REDIRECT_URI"
            value = "com.googleusercontent.apps.539751190237-oumf7hncfrbhegunnvovgr61mllgvt3e:/oauth2redirect"
            isEnabled = "YES">
         </EnvironmentVariable>
         <EnvironmentVariable
            key = "QB_CALLBACK_SCHEME"
            value = "gunnaireops"
            isEnabled = "YES">
         </EnvironmentVariable>
         <EnvironmentVariable
            key = "QB_CLIENT_ID"
            value = "ABUeWKrqnanv8jakA8Hgui7zF8mMpsHkxdtSlHEtkyclaDFMLH"
            isEnabled = "YES">
         </EnvironmentVariable>
         <EnvironmentVariable
            key = "QB_CLIENT_SECRET"
            value = "garGog2E3NF3fWN6GcFW9eEsoGRfhB2p2yvYrV8p"
            isEnabled = "YES">
         </EnvironmentVariable>
         <EnvironmentVariable
            key = "QB_DEFAULT_ITEM_REF"
            value = "$(QB_DEFAULT_ITEM_REF)"
            isEnabled = "YES">
         </EnvironmentVariable>
         <EnvironmentVariable
            key = "QB_ENVIRONMENT"
            value = "production"
            isEnabled = "YES">
         </EnvironmentVariable>
         <EnvironmentVariable
            key = "QB_REDIRECT_URI"
            value = "https://developer.intuit.com/v2/OAuth2Playground/RedirectUrl"
            isEnabled = "YES">
         </EnvironmentVariable>
      </EnvironmentVariables>
   </LaunchAction>
   <ProfileAction
      buildConfiguration = "Release"
      shouldUseLaunchSchemeArgsEnv = "YES"
      savedToolIdentifier = ""
      useCustomWorkingDirectory = "NO"
      debugDocumentVersioning = "YES">
      <BuildableProductRunnable
         runnableDebuggingMode = "0">
         <BuildableReference
            BuildableIdentifier = "primary"
            BlueprintIdentifier = "642980E52F4CAB5900A62E15"
            BuildableName = "GunnAire Ops.app"
            BlueprintName = "GunnAire Ops"
            ReferencedContainer = "container:GunnAire Ops.xcodeproj">
         </BuildableReference>
      </BuildableProductRunnable>
   </ProfileAction>
   <AnalyzeAction
      buildConfiguration = "Debug">
   </AnalyzeAction>
   <ArchiveAction
      buildConfiguration = "Release"
      revealArchiveInOrganizer = "YES">
   </ArchiveAction>
</Scheme>
