// !$*UTF8*$!
{
	archiveVersion = 1;
	classes = {
	};
	objectVersion = 77;
	objects = {

/* Begin PBXBuildFile section */
		3F4B8A202FAD000100000001 /* AppIntents.framework in Frameworks */ = {isa = PBXBuildFile; fileRef = 3F4B8A212FAD000100000001 /* AppIntents.framework */; };
		3F4B8A222FAD000100000001 /* AppIntents.framework in Frameworks */ = {isa = PBXBuildFile; fileRef = 3F4B8A212FAD000100000001 /* AppIntents.framework */; };
		3F4B8A232FAD000100000001 /* AppIntents.framework in Frameworks */ = {isa = PBXBuildFile; fileRef = 3F4B8A212FAD000100000001 /* AppIntents.framework */; };
/* End PBXBuildFile section */

/* Begin PBXContainerItemProxy section */
		642980F62F4CAB5A00A62E15 /* PBXContainerItemProxy */ = {
			isa = PBXContainerItemProxy;
			containerPortal = 642980DE2F4CAB5900A62E15 /* Project object */;
			proxyType = 1;
			remoteGlobalIDString = 642980E52F4CAB5900A62E15;
			remoteInfo = "GunnAire Ops";
		};
		642981002F4CAB5A00A62E15 /* PBXContainerItemProxy */ = {
			isa = PBXContainerItemProxy;
			containerPortal = 642980DE2F4CAB5900A62E15 /* Project object */;
			proxyType = 1;
			remoteGlobalIDString = 642980E52F4CAB5900A62E15;
			remoteInfo = "GunnAire Ops";
		};
/* End PBXContainerItemProxy section */

/* Begin PBXFileReference section */
		3F4B8A102FAD000100000001 /* Base.xcconfig */ = {isa = PBXFileReference; lastKnownFileType = text.xcconfig; path = Base.xcconfig; sourceTree = "<group>"; };
		3F4B8A112FAD000100000001 /* Local.example.xcconfig */ = {isa = PBXFileReference; lastKnownFileType = text.xcconfig; path = Local.example.xcconfig; sourceTree = "<group>"; };
		3F4B8A212FAD000100000001 /* AppIntents.framework */ = {isa = PBXFileReference; lastKnownFileType = wrapper.framework; name = AppIntents.framework; path = System/Library/Frameworks/AppIntents.framework; sourceTree = SDKROOT; };
		642980E62F4CAB5900A62E15 /* GunnAire Ops.app */ = {isa = PBXFileReference; explicitFileType = wrapper.application; includeInIndex = 0; path = "GunnAire Ops.app"; sourceTree = BUILT_PRODUCTS_DIR; };
		642980F52F4CAB5A00A62E15 /* GunnAire OpsTests.xctest */ = {isa = PBXFileReference; explicitFileType = wrapper.cfbundle; includeInIndex = 0; path = "GunnAire OpsTests.xctest"; sourceTree = BUILT_PRODUCTS_DIR; };
		642980FF2F4CAB5A00A62E15 /* GunnAire OpsUITests.xctest */ = {isa = PBXFileReference; explicitFileType = wrapper.cfbundle; includeInIndex = 0; path = "GunnAire OpsUITests.xctest"; sourceTree = BUILT_PRODUCTS_DIR; };
		6429812A2F4CB15C00A62E15 /* .gitignore */ = {isa = PBXFileReference; lastKnownFileType = text; path = .gitignore; sourceTree = "<group>"; };
/* End PBXFileReference section */

/* Begin PBXFileSystemSynchronizedBuildFileExceptionSet section */
		3F4B8A132FAD000100000001 /* Exceptions for "GunnAire Ops" folder in "GunnAire Ops" target */ = {
			isa = PBXFileSystemSynchronizedBuildFileExceptionSet;
			membershipExceptions = (
				Info.plist,
			);
			target = 642980E52F4CAB5900A62E15 /* GunnAire Ops */;
		};
/* End PBXFileSystemSynchronizedBuildFileExceptionSet section */

/* Begin PBXFileSystemSynchronizedRootGroup section */
		642980E82F4CAB5900A62E15 /* GunnAire Ops */ = {
			isa = PBXFileSystemSynchronizedRootGroup;
			exceptions = (
				3F4B8A132FAD000100000001 /* Exceptions for "GunnAire Ops" folder in "GunnAire Ops" target */,
			);
			path = "GunnAire Ops";
			sourceTree = "<group>";
		};
		642980F82F4CAB5A00A62E15 /* GunnAire OpsTests */ = {
			isa = PBXFileSystemSynchronizedRootGroup;
			path = "GunnAire OpsTests";
			sourceTree = "<group>";
		};
		642981022F4CAB5A00A62E15 /* GunnAire OpsUITests */ = {
			isa = PBXFileSystemSynchronizedRootGroup;
			path = "GunnAire OpsUITests";
			sourceTree = "<group>";
		};
/* End PBXFileSystemSynchronizedRootGroup section */

/* Begin PBXFrameworksBuildPhase section */
		642980E32F4CAB5900A62E15 /* Frameworks */ = {
			isa = PBXFrameworksBuildPhase;
			buildActionMask = 2147483647;
			files = (
				3F4B8A202FAD000100000001 /* AppIntents.framework in Frameworks */,
			);
			runOnlyForDeploymentPostprocessing = 0;
		};
		642980F22F4CAB5A00A62E15 /* Frameworks */ = {
			isa = PBXFrameworksBuildPhase;
			buildActionMask = 2147483647;
			files = (
				3F4B8A222FAD000100000001 /* AppIntents.framework in Frameworks */,
			);
			runOnlyForDeploymentPostprocessing = 0;
		};
		642980FC2F4CAB5A00A62E15 /* Frameworks */ = {
			isa = PBXFrameworksBuildPhase;
			buildActionMask = 2147483647;
			files = (
				3F4B8A232FAD000100000001 /* AppIntents.framework in Frameworks */,
			);
			runOnlyForDeploymentPostprocessing = 0;
		};
/* End PBXFrameworksBuildPhase section */

/* Begin PBXGroup section */
		3F4B8A122FAD000100000001 /* Config */ = {
			isa = PBXGroup;
			children = (
				3F4B8A102FAD000100000001 /* Base.xcconfig */,
				3F4B8A112FAD000100000001 /* Local.example.xcconfig */,
			);
			path = Config;
			sourceTree = "<group>";
		};
		4226A7412FABAAB90087A3F8 /* Recovered References */ = {
			isa = PBXGroup;
			children = (
				3F4B8A212FAD000100000001 /* AppIntents.framework */,
			);
			name = "Recovered References";
			sourceTree = "<group>";
		};
		642980DD2F4CAB5900A62E15 = {
			isa = PBXGroup;
			children = (
				6429812A2F4CB15C00A62E15 /* .gitignore */,
				642980E82F4CAB5900A62E15 /* GunnAire Ops */,
				642980F82F4CAB5A00A62E15 /* GunnAire OpsTests */,
				642981022F4CAB5A00A62E15 /* GunnAire OpsUITests */,
				3F4B8A122FAD000100000001 /* Config */,
				642980E72F4CAB5900A62E15 /* Products */,
				4226A7412FABAAB90087A3F8 /* Recovered References */,
			);
			sourceTree = "<group>";
		};
		642980E72F4CAB5900A62E15 /* Products */ = {
			isa = PBXGroup;
			children = (
				642980E62F4CAB5900A62E15 /* GunnAire Ops.app */,
				642980F52F4CAB5A00A62E15 /* GunnAire OpsTests.xctest */,
				642980FF2F4CAB5A00A62E15 /* GunnAire OpsUITests.xctest */,
			);
			name = Products;
			sourceTree = "<group>";
		};
/* End PBXGroup section */

/* Begin PBXNativeTarget section */
		642980E52F4CAB5900A62E15 /* GunnAire Ops */ = {
			isa = PBXNativeTarget;
			buildConfigurationList = 642981092F4CAB5A00A62E15 /* Build configuration list for PBXNativeTarget "GunnAire Ops" */;
			buildPhases = (
				642980E22F4CAB5900A62E15 /* Sources */,
				642980E32F4CAB5900A62E15 /* Frameworks */,
				642980E42F4CAB5900A62E15 /* Resources */,
			);
			buildRules = (
			);
			dependencies = (
			);
			fileSystemSynchronizedGroups = (
				642980E82F4CAB5900A62E15 /* GunnAire Ops */,
			);
			name = "GunnAire Ops";
			packageProductDependencies = (
			);
			productName = "GunnAire Ops";
			productReference = 642980E62F4CAB5900A62E15 /* GunnAire Ops.app */;
			productType = "com.apple.product-type.application";
		};
		642980F42F4CAB5A00A62E15 /* GunnAire OpsTests */ = {
			isa = PBXNativeTarget;
			buildConfigurationList = 6429810C2F4CAB5A00A62E15 /* Build configuration list for PBXNativeTarget "GunnAire OpsTests" */;
			buildPhases = (
				642980F12F4CAB5A00A62E15 /* Sources */,
				642980F22F4CAB5A00A62E15 /* Frameworks */,
				642980F32F4CAB5A00A62E15 /* Resources */,
			);
			buildRules = (
			);
			dependencies = (
				642980F72F4CAB5A00A62E15 /* PBXTargetDependency */,
			);
			fileSystemSynchronizedGroups = (
				642980F82F4CAB5A00A62E15 /* GunnAire OpsTests */,
			);
			name = "GunnAire OpsTests";
			packageProductDependencies = (
			);
			productName = "GunnAire OpsTests";
			productReference = 642980F52F4CAB5A00A62E15 /* GunnAire OpsTests.xctest */;
			productType = "com.apple.product-type.bundle.unit-test";
		};
		642980FE2F4CAB5A00A62E15 /* GunnAire OpsUITests */ = {
			isa = PBXNativeTarget;
			buildConfigurationList = 6429810F2F4CAB5A00A62E15 /* Build configuration list for PBXNativeTarget "GunnAire OpsUITests" */;
			buildPhases = (
				642980FB2F4CAB5A00A62E15 /* Sources */,
				642980FC2F4CAB5A00A62E15 /* Frameworks */,
				642980FD2F4CAB5A00A62E15 /* Resources */,
			);
			buildRules = (
			);
			dependencies = (
				642981012F4CAB5A00A62E15 /* PBXTargetDependency */,
			);
			fileSystemSynchronizedGroups = (
				642981022F4CAB5A00A62E15 /* GunnAire OpsUITests */,
			);
			name = "GunnAire OpsUITests";
			packageProductDependencies = (
			);
			productName = "GunnAire OpsUITests";
			productReference = 642980FF2F4CAB5A00A62E15 /* GunnAire OpsUITests.xctest */;
			productType = "com.apple.product-type.bundle.ui-testing";
		};
/* End PBXNativeTarget section */

/* Begin PBXProject section */
		642980DE2F4CAB5900A62E15 /* Project object */ = {
			isa = PBXProject;
			attributes = {
				BuildIndependentTargetsInParallel = 1;
				KnownAssetTags = (
					New,
				);
				LastSwiftUpdateCheck = 2620;
				LastUpgradeCheck = 2640;
				TargetAttributes = {
					642980E52F4CAB5900A62E15 = {
						CreatedOnToolsVersion = 26.2;
					};
					642980F42F4CAB5A00A62E15 = {
						CreatedOnToolsVersion = 26.2;
						TestTargetID = 642980E52F4CAB5900A62E15;
					};
					642980FE2F4CAB5A00A62E15 = {
						CreatedOnToolsVersion = 26.2;
						TestTargetID = 642980E52F4CAB5900A62E15;
					};
				};
			};
			buildConfigurationList = 642980E12F4CAB5900A62E15 /* Build configuration list for PBXProject "GunnAire Ops" */;
			developmentRegion = en;
			hasScannedForEncodings = 0;
			knownRegions = (
				en,
				Base,
			);
			mainGroup = 642980DD2F4CAB5900A62E15;
			minimizedProjectReferenceProxies = 1;
			preferredProjectObjectVersion = 77;
			productRefGroup = 642980E72F4CAB5900A62E15 /* Products */;
			projectDirPath = "";
			projectRoot = "";
			targets = (
				642980E52F4CAB5900A62E15 /* GunnAire Ops */,
				642980F42F4CAB5A00A62E15 /* GunnAire OpsTests */,
				642980FE2F4CAB5A00A62E15 /* GunnAire OpsUITests */,
			);
		};
/* End PBXProject section */

/* Begin PBXResourcesBuildPhase section */
		642980E42F4CAB5900A62E15 /* Resources */ = {
			isa = PBXResourcesBuildPhase;
			buildActionMask = 2147483647;
			files = (
			);
			runOnlyForDeploymentPostprocessing = 0;
		};
		642980F32F4CAB5A00A62E15 /* Resources */ = {
			isa = PBXResourcesBuildPhase;
			buildActionMask = 2147483647;
			files = (
			);
			runOnlyForDeploymentPostprocessing = 0;
		};
		642980FD2F4CAB5A00A62E15 /* Resources */ = {
			isa = PBXResourcesBuildPhase;
			buildActionMask = 2147483647;
			files = (
			);
			runOnlyForDeploymentPostprocessing = 0;
		};
/* End PBXResourcesBuildPhase section */

/* Begin PBXSourcesBuildPhase section */
		642980E22F4CAB5900A62E15 /* Sources */ = {
			isa = PBXSourcesBuildPhase;
			buildActionMask = 2147483647;
			files = (
			);
			runOnlyForDeploymentPostprocessing = 0;
		};
		642980F12F4CAB5A00A62E15 /* Sources */ = {
			isa = PBXSourcesBuildPhase;
			buildActionMask = 2147483647;
			files = (
			);
			runOnlyForDeploymentPostprocessing = 0;
		};
		642980FB2F4CAB5A00A62E15 /* Sources */ = {
			isa = PBXSourcesBuildPhase;
			buildActionMask = 2147483647;
			files = (
			);
			runOnlyForDeploymentPostprocessing = 0;
		};
/* End PBXSourcesBuildPhase section */

/* Begin PBXTargetDependency section */
		642980F72F4CAB5A00A62E15 /* PBXTargetDependency */ = {
			isa = PBXTargetDependency;
			target = 642980E52F4CAB5900A62E15 /* GunnAire Ops */;
			targetProxy = 642980F62F4CAB5A00A62E15 /* PBXContainerItemProxy */;
		};
		642981012F4CAB5A00A62E15 /* PBXTargetDependency */ = {
			isa = PBXTargetDependency;
			target = 642980E52F4CAB5900A62E15 /* GunnAire Ops */;
			targetProxy = 642981002F4CAB5A00A62E15 /* PBXContainerItemProxy */;
		};
/* End PBXTargetDependency section */

/* Begin XCBuildConfiguration section */
		642981072F4CAB5A00A62E15 /* Debug */ = {
			isa = XCBuildConfiguration;
			buildSettings = {
				ALWAYS_SEARCH_USER_PATHS = NO;
				ASSETCATALOG_COMPILER_GENERATE_SWIFT_ASSET_SYMBOL_EXTENSIONS = YES;
				CLANG_ANALYZER_NONNULL = YES;
				CLANG_ANALYZER_NUMBER_OBJECT_CONVERSION = YES_AGGRESSIVE;
				CLANG_CXX_LANGUAGE_STANDARD = "gnu++20";
				CLANG_ENABLE_MODULES = YES;
				CLANG_ENABLE_OBJC_ARC = YES;
				CLANG_ENABLE_OBJC_WEAK = YES;
				CLANG_WARN_BLOCK_CAPTURE_AUTORELEASING = YES;
				CLANG_WARN_BOOL_CONVERSION = YES;
				CLANG_WARN_COMMA = YES;
				CLANG_WARN_CONSTANT_CONVERSION = YES;
				CLANG_WARN_DEPRECATED_OBJC_IMPLEMENTATIONS = YES;
				CLANG_WARN_DIRECT_OBJC_ISA_USAGE = YES_ERROR;
				CLANG_WARN_DOCUMENTATION_COMMENTS = YES;
				CLANG_WARN_EMPTY_BODY = YES;
				CLANG_WARN_ENUM_CONVERSION = YES;
				CLANG_WARN_INFINITE_RECURSION = YES;
				CLANG_WARN_INT_CONVERSION = YES;
				CLANG_WARN_NON_LITERAL_NULL_CONVERSION = YES;
				CLANG_WARN_OBJC_IMPLICIT_RETAIN_SELF = YES;
				CLANG_WARN_OBJC_LITERAL_CONVERSION = YES;
				CLANG_WARN_OBJC_ROOT_CLASS = YES_ERROR;
				CLANG_WARN_QUOTED_INCLUDE_IN_FRAMEWORK_HEADER = YES;
				CLANG_WARN_RANGE_LOOP_ANALYSIS = YES;
				CLANG_WARN_STRICT_PROTOTYPES = YES;
				CLANG_WARN_SUSPICIOUS_MOVE = YES;
				CLANG_WARN_UNGUARDED_AVAILABILITY = YES_AGGRESSIVE;
				CLANG_WARN_UNREACHABLE_CODE = YES;
				CLANG_WARN__DUPLICATE_METHOD_MATCH = YES;
				COPY_PHASE_STRIP = NO;
				DEBUG_INFORMATION_FORMAT = dwarf;
				DEVELOPMENT_TEAM = 7C4B3RR7RD;
				ENABLE_STRICT_OBJC_MSGSEND = YES;
				ENABLE_TESTABILITY = YES;
				ENABLE_USER_SCRIPT_SANDBOXING = YES;
				GCC_C_LANGUAGE_STANDARD = gnu17;
				GCC_DYNAMIC_NO_PIC = NO;
				GCC_NO_COMMON_BLOCKS = YES;
				GCC_OPTIMIZATION_LEVEL = 0;
				GCC_PREPROCESSOR_DEFINITIONS = (
					"DEBUG=1",
					"$(inherited)",
				);
				GCC_WARN_64_TO_32_BIT_CONVERSION = YES;
				GCC_WARN_ABOUT_RETURN_TYPE = YES_ERROR;
				GCC_WARN_UNDECLARED_SELECTOR = YES;
				GCC_WARN_UNINITIALIZED_AUTOS = YES_AGGRESSIVE;
				GCC_WARN_UNUSED_FUNCTION = YES;
				GCC_WARN_UNUSED_VARIABLE = YES;
				IPHONEOS_DEPLOYMENT_TARGET = 26.0;
				LOCALIZATION_PREFERS_STRING_CATALOGS = YES;
				MTL_ENABLE_DEBUG_INFO = INCLUDE_SOURCE;
				MTL_FAST_MATH = YES;
				ONLY_ACTIVE_ARCH = YES;
				SDKROOT = iphoneos;
				STRING_CATALOG_GENERATE_SYMBOLS = YES;
				SWIFT_ACTIVE_COMPILATION_CONDITIONS = "DEBUG $(inherited)";
				SWIFT_OPTIMIZATION_LEVEL = "-Onone";
			};
			name = Debug;
		};
		642981082F4CAB5A00A62E15 /* Release */ = {
			isa = XCBuildConfiguration;
			buildSettings = {
				ALWAYS_SEARCH_USER_PATHS = NO;
				ASSETCATALOG_COMPILER_GENERATE_SWIFT_ASSET_SYMBOL_EXTENSIONS = YES;
				CLANG_ANALYZER_NONNULL = YES;
				CLANG_ANALYZER_NUMBER_OBJECT_CONVERSION = YES_AGGRESSIVE;
				CLANG_CXX_LANGUAGE_STANDARD = "gnu++20";
				CLANG_ENABLE_MODULES = YES;
				CLANG_ENABLE_OBJC_ARC = YES;
				CLANG_ENABLE_OBJC_WEAK = YES;
				CLANG_WARN_BLOCK_CAPTURE_AUTORELEASING = YES;
				CLANG_WARN_BOOL_CONVERSION = YES;
				CLANG_WARN_COMMA = YES;
				CLANG_WARN_CONSTANT_CONVERSION = YES;
				CLANG_WARN_DEPRECATED_OBJC_IMPLEMENTATIONS = YES;
				CLANG_WARN_DIRECT_OBJC_ISA_USAGE = YES_ERROR;
				CLANG_WARN_DOCUMENTATION_COMMENTS = YES;
				CLANG_WARN_EMPTY_BODY = YES;
				CLANG_WARN_ENUM_CONVERSION = YES;
				CLANG_WARN_INFINITE_RECURSION = YES;
				CLANG_WARN_INT_CONVERSION = YES;
				CLANG_WARN_NON_LITERAL_NULL_CONVERSION = YES;
				CLANG_WARN_OBJC_IMPLICIT_RETAIN_SELF = YES;
				CLANG_WARN_OBJC_LITERAL_CONVERSION = YES;
				CLANG_WARN_OBJC_ROOT_CLASS = YES_ERROR;
				CLANG_WARN_QUOTED_INCLUDE_IN_FRAMEWORK_HEADER = YES;
				CLANG_WARN_RANGE_LOOP_ANALYSIS = YES;
				CLANG_WARN_STRICT_PROTOTYPES = YES;
				CLANG_WARN_SUSPICIOUS_MOVE = YES;
				CLANG_WARN_UNGUARDED_AVAILABILITY = YES_AGGRESSIVE;
				CLANG_WARN_UNREACHABLE_CODE = YES;
				CLANG_WARN__DUPLICATE_METHOD_MATCH = YES;
				COPY_PHASE_STRIP = NO;
				DEBUG_INFORMATION_FORMAT = "dwarf-with-dsym";
				DEVELOPMENT_TEAM = 7C4B3RR7RD;
				ENABLE_NS_ASSERTIONS = NO;
				ENABLE_STRICT_OBJC_MSGSEND = YES;
				ENABLE_USER_SCRIPT_SANDBOXING = YES;
				GCC_C_LANGUAGE_STANDARD = gnu17;
				GCC_NO_COMMON_BLOCKS = YES;
				GCC_WARN_64_TO_32_BIT_CONVERSION = YES;
				GCC_WARN_ABOUT_RETURN_TYPE = YES_ERROR;
				GCC_WARN_UNDECLARED_SELECTOR = YES;
				GCC_WARN_UNINITIALIZED_AUTOS = YES_AGGRESSIVE;
				GCC_WARN_UNUSED_FUNCTION = YES;
				GCC_WARN_UNUSED_VARIABLE = YES;
				IPHONEOS_DEPLOYMENT_TARGET = 26.0;
				LOCALIZATION_PREFERS_STRING_CATALOGS = YES;
				MTL_ENABLE_DEBUG_INFO = NO;
				MTL_FAST_MATH = YES;
				SDKROOT = iphoneos;
				STRING_CATALOG_GENERATE_SYMBOLS = YES;
				SWIFT_COMPILATION_MODE = wholemodule;
				VALIDATE_PRODUCT = YES;
			};
			name = Release;
		};
		6429810A2F4CAB5A00A62E15 /* Debug */ = {
			isa = XCBuildConfiguration;
			baseConfigurationReference = 3F4B8A102FAD000100000001 /* Base.xcconfig */;
			buildSettings = {
				ASSETCATALOG_COMPILER_APPICON_NAME = AppIcon;
				ASSETCATALOG_COMPILER_GLOBAL_ACCENT_COLOR_NAME = AccentColor;
				CODE_SIGN_ENTITLEMENTS = "GunnAire Ops/GunnAire Ops.entitlements";
				CODE_SIGN_STYLE = Automatic;
				CURRENT_PROJECT_VERSION = 2026081373;
				DEVELOPMENT_TEAM = 7C4B3RR7RD;
				ENABLE_PREVIEWS = YES;
				GENERATE_INFOPLIST_FILE = NO;
				INFOPLIST_FILE = "GunnAire Ops/Info.plist";
				LD_RUNPATH_SEARCH_PATHS = (
					"$(inherited)",
					"@executable_path/Frameworks",
				);
				MARKETING_VERSION = 1.0;
				PRODUCT_BUNDLE_IDENTIFIER = com.gunnaire.businesssuite;
				PRODUCT_NAME = "$(TARGET_NAME)";
				STRING_CATALOG_GENERATE_SYMBOLS = YES;
				SWIFT_APPROACHABLE_CONCURRENCY = YES;
				SWIFT_DEFAULT_ACTOR_ISOLATION = MainActor;
				SWIFT_EMIT_LOC_STRINGS = YES;
				SWIFT_UPCOMING_FEATURE_MEMBER_IMPORT_VISIBILITY = YES;
				SWIFT_VERSION = 5.0;
				TARGETED_DEVICE_FAMILY = "1,2";
			};
			name = Debug;
		};
		6429810B2F4CAB5A00A62E15 /* Release */ = {
			isa = XCBuildConfiguration;
			baseConfigurationReference = 3F4B8A102FAD000100000001 /* Base.xcconfig */;
			buildSettings = {
				ASSETCATALOG_COMPILER_APPICON_NAME = AppIcon;
				ASSETCATALOG_COMPILER_GLOBAL_ACCENT_COLOR_NAME = AccentColor;
				CODE_SIGN_ENTITLEMENTS = "GunnAire Ops/GunnAire Ops.entitlements";
				CODE_SIGN_STYLE = Automatic;
				CURRENT_PROJECT_VERSION = 2026081373;
				DEVELOPMENT_TEAM = 7C4B3RR7RD;
				ENABLE_PREVIEWS = YES;
				GENERATE_INFOPLIST_FILE = NO;
				INFOPLIST_FILE = "GunnAire Ops/Info.plist";
				LD_RUNPATH_SEARCH_PATHS = (
					"$(inherited)",
					"@executable_path/Frameworks",
				);
				MARKETING_VERSION = 1.0;
				PRODUCT_BUNDLE_IDENTIFIER = com.gunnaire.businesssuite;
				PRODUCT_NAME = "$(TARGET_NAME)";
				STRING_CATALOG_GENERATE_SYMBOLS = YES;
				SWIFT_APPROACHABLE_CONCURRENCY = YES;
				SWIFT_DEFAULT_ACTOR_ISOLATION = MainActor;
				SWIFT_EMIT_LOC_STRINGS = YES;
				SWIFT_UPCOMING_FEATURE_MEMBER_IMPORT_VISIBILITY = YES;
				SWIFT_VERSION = 5.0;
				TARGETED_DEVICE_FAMILY = "1,2";
			};
			name = Release;
		};
		6429810D2F4CAB5A00A62E15 /* Debug */ = {
			isa = XCBuildConfiguration;
			buildSettings = {
				BUNDLE_LOADER = "$(TEST_HOST)";
				CODE_SIGN_STYLE = Automatic;
				CURRENT_PROJECT_VERSION = 2026081373;
				DEVELOPMENT_TEAM = 7C4B3RR7RD;
				GENERATE_INFOPLIST_FILE = YES;
				IPHONEOS_DEPLOYMENT_TARGET = 26.0;
				MARKETING_VERSION = 1.0;
				PRODUCT_BUNDLE_IDENTIFIER = com.gunnaire.businesssuiteTests;
				PRODUCT_NAME = "$(TARGET_NAME)";
				STRING_CATALOG_GENERATE_SYMBOLS = YES;
				SWIFT_APPROACHABLE_CONCURRENCY = YES;
				SWIFT_EMIT_LOC_STRINGS = NO;
				SWIFT_UPCOMING_FEATURE_MEMBER_IMPORT_VISIBILITY = YES;
				SWIFT_VERSION = 5.0;
				TARGETED_DEVICE_FAMILY = "1,2";
				TEST_HOST = "$(BUILT_PRODUCTS_DIR)/GunnAire Ops.app/$(BUNDLE_EXECUTABLE_FOLDER_PATH)/GunnAire Ops";
			};
			name = Debug;
		};
		6429810E2F4CAB5A00A62E15 /* Release */ = {
			isa = XCBuildConfiguration;
			buildSettings = {
				BUNDLE_LOADER = "$(TEST_HOST)";
				CODE_SIGN_STYLE = Automatic;
				CURRENT_PROJECT_VERSION = 2026081373;
				DEVELOPMENT_TEAM = 7C4B3RR7RD;
				GENERATE_INFOPLIST_FILE = YES;
				IPHONEOS_DEPLOYMENT_TARGET = 26.0;
				MARKETING_VERSION = 1.0;
				PRODUCT_BUNDLE_IDENTIFIER = com.gunnaire.businesssuiteTests;
				PRODUCT_NAME = "$(TARGET_NAME)";
				STRING_CATALOG_GENERATE_SYMBOLS = YES;
				SWIFT_APPROACHABLE_CONCURRENCY = YES;
				SWIFT_EMIT_LOC_STRINGS = NO;
				SWIFT_UPCOMING_FEATURE_MEMBER_IMPORT_VISIBILITY = YES;
				SWIFT_VERSION = 5.0;
				TARGETED_DEVICE_FAMILY = "1,2";
				TEST_HOST = "$(BUILT_PRODUCTS_DIR)/GunnAire Ops.app/$(BUNDLE_EXECUTABLE_FOLDER_PATH)/GunnAire Ops";
			};
			name = Release;
		};
		642981102F4CAB5A00A62E15 /* Debug */ = {
			isa = XCBuildConfiguration;
			buildSettings = {
				CODE_SIGN_STYLE = Automatic;
				CURRENT_PROJECT_VERSION = 2026081373;
				DEVELOPMENT_TEAM = 7C4B3RR7RD;
				GENERATE_INFOPLIST_FILE = YES;
				MARKETING_VERSION = 1.0;
				PRODUCT_BUNDLE_IDENTIFIER = com.gunnaire.businesssuiteUITests;
				PRODUCT_NAME = "$(TARGET_NAME)";
				STRING_CATALOG_GENERATE_SYMBOLS = YES;
				SWIFT_APPROACHABLE_CONCURRENCY = YES;
				SWIFT_EMIT_LOC_STRINGS = NO;
				SWIFT_UPCOMING_FEATURE_MEMBER_IMPORT_VISIBILITY = YES;
				SWIFT_VERSION = 5.0;
				TARGETED_DEVICE_FAMILY = "1,2";
				TEST_TARGET_NAME = "GunnAire Ops";
			};
			name = Debug;
		};
		642981112F4CAB5A00A62E15 /* Release */ = {
			isa = XCBuildConfiguration;
			buildSettings = {
				CODE_SIGN_STYLE = Automatic;
				CURRENT_PROJECT_VERSION = 2026081373;
				DEVELOPMENT_TEAM = 7C4B3RR7RD;
				GENERATE_INFOPLIST_FILE = YES;
				MARKETING_VERSION = 1.0;
				PRODUCT_BUNDLE_IDENTIFIER = com.gunnaire.businesssuiteUITests;
				PRODUCT_NAME = "$(TARGET_NAME)";
				STRING_CATALOG_GENERATE_SYMBOLS = YES;
				SWIFT_APPROACHABLE_CONCURRENCY = YES;
				SWIFT_EMIT_LOC_STRINGS = NO;
				SWIFT_UPCOMING_FEATURE_MEMBER_IMPORT_VISIBILITY = YES;
				SWIFT_VERSION = 5.0;
				TARGETED_DEVICE_FAMILY = "1,2";
				TEST_TARGET_NAME = "GunnAire Ops";
			};
			name = Release;
		};
/* End XCBuildConfiguration section */

/* Begin XCConfigurationList section */
		642980E12F4CAB5900A62E15 /* Build configuration list for PBXProject "GunnAire Ops" */ = {
			isa = XCConfigurationList;
			buildConfigurations = (
				642981072F4CAB5A00A62E15 /* Debug */,
				642981082F4CAB5A00A62E15 /* Release */,
			);
			defaultConfigurationIsVisible = 0;
			defaultConfigurationName = Release;
		};
		642981092F4CAB5A00A62E15 /* Build configuration list for PBXNativeTarget "GunnAire Ops" */ = {
			isa = XCConfigurationList;
			buildConfigurations = (
				6429810A2F4CAB5A00A62E15 /* Debug */,
				6429810B2F4CAB5A00A62E15 /* Release */,
			);
			defaultConfigurationIsVisible = 0;
			defaultConfigurationName = Release;
		};
		6429810C2F4CAB5A00A62E15 /* Build configuration list for PBXNativeTarget "GunnAire OpsTests" */ = {
			isa = XCConfigurationList;
			buildConfigurations = (
				6429810D2F4CAB5A00A62E15 /* Debug */,
				6429810E2F4CAB5A00A62E15 /* Release */,
			);
			defaultConfigurationIsVisible = 0;
			defaultConfigurationName = Release;
		};
		6429810F2F4CAB5A00A62E15 /* Build configuration list for PBXNativeTarget "GunnAire OpsUITests" */ = {
			isa = XCConfigurationList;
			buildConfigurations = (
				642981102F4CAB5A00A62E15 /* Debug */,
				642981112F4CAB5A00A62E15 /* Release */,
			);
			defaultConfigurationIsVisible = 0;
			defaultConfigurationName = Release;
		};
/* End XCConfigurationList section */
	};
	rootObject = 642980DE2F4CAB5900A62E15 /* Project object */;
}
